
Microsoft Visual Studio Solution File, Format Version 12.00
# Visual Studio Version 17
VisualStudioVersion = 17.6.33815.320
MinimumVisualStudioVersion = 10.0.40219.1
Project("{9A19103F-16F7-4668-BE54-9A1E7A4F7556}") = "FlightPlanner", "FlightPlanner.csproj", "{A50C051A-41DC-4049-B463-D186803184BD}"
EndProject
Project("{FAE04EC0-301F-11D3-BF4B-00C04F79EFBC}") = "FlightPlanner.Core", "..\FlightPlanner.Core\FlightPlanner.Core.csproj", "{09199E50-B7CE-456C-BD61-C8F6B82D351A}"
EndProject
Project("{FAE04EC0-301F-11D3-BF4B-00C04F79EFBC}") = "FlightPlanner.Data", "..\FlightPlanner.Data\FlightPlanner.Data.csproj", "{193BBE99-59AC-474A-A938-241CE4347702}"
EndProject
Project("{FAE04EC0-301F-11D3-BF4B-00C04F79EFBC}") = "FlightPlanner.Services", "..\FlightPlanner.Services\FlightPlanner.Services.csproj", "{B2B6BF6A-7715-4DB2-842C-AF3FBA54B2BC}"
EndProject
Global
	GlobalSection(SolutionConfigurationPlatforms) = preSolution
		Debug|Any CPU = Debug|Any CPU
		Release|Any CPU = Release|Any CPU
	EndGlobalSection
	GlobalSection(ProjectConfigurationPlatforms) = postSolution
		{A50C051A-41DC-4049-B463-D186803184BD}.Debug|Any CPU.ActiveCfg = Debug|Any CPU
		{A50C051A-41DC-4049-B463-D186803184BD}.Debug|Any CPU.Build.0 = Debug|Any CPU
		{A50C051A-41DC-4049-B463-D186803184BD}.Release|Any CPU.ActiveCfg = Release|Any CPU
		{A50C051A-41DC-4049-B463-D186803184BD}.Release|Any CPU.Build.0 = Release|Any CPU
		{09199E50-B7CE-456C-BD61-C8F6B82D351A}.Debug|Any CPU.ActiveCfg = Debug|Any CPU
		{09199E50-B7CE-456C-BD61-C8F6B82D351A}.Debug|Any CPU.Build.0 = Debug|Any CPU
		{09199E50-B7CE-456C-BD61-C8F6B82D351A}.Release|Any CPU.ActiveCfg = Release|Any CPU
		{09199E50-B7CE-456C-BD61-C8F6B82D351A}.Release|Any CPU.Build.0 = Release|Any CPU
		{193BBE99-59AC-474A-A938-241CE4347702}.Debug|Any CPU.ActiveCfg = Debug|Any CPU
		{193BBE99-59AC-474A-A938-241CE4347702}.Debug|Any CPU.Build.0 = Debug|Any CPU
		{193BBE99-59AC-474A-A938-241CE4347702}.Release|Any CPU.ActiveCfg = Release|Any CPU
		{193BBE99-59AC-474A-A938-241CE4347702}.Release|Any CPU.Build.0 = Release|Any CPU
		{B2B6BF6A-7715-4DB2-842C-AF3FBA54B2BC}.Debug|Any CPU.ActiveCfg = Debug|Any CPU
		{B2B6BF6A-7715-4DB2-842C-AF3FBA54B2BC}.Debug|Any CPU.Build.0 = Debug|Any CPU
		{B2B6BF6A-7715-4DB2-842C-AF3FBA54B2BC}.Release|Any CPU.ActiveCfg = Release|Any CPU
		{B2B6BF6A-7715-4DB2-842C-AF3FBA54B2BC}.Release|Any CPU.Build.0 = Release|Any CPU
	EndGlobalSection
	GlobalSection(SolutionProperties) = preSolution
		HideSolutionNode = FALSE
	EndGlobalSection
	GlobalSection(ExtensibilityGlobals) = postSolution
		SolutionGuid = {3DDF790E-B542-4A41-A967-992BF17E9E06}
	EndGlobalSection
EndGlobal
